// !$*UTF8*$!
{
	archiveVersion = 1;
	classes = {
	};
	objectVersion = 51;
	objects = {

/* Begin PBXBuildFile section */
		7B10B6E2FFAF89F0A22BF443 /* Pods_Covid19Tracker.framework in Frameworks */ = {isa = PBXBuildFile; fileRef = AE2BCB132259F7D4307471B9 /* Pods_Covid19Tracker.framework */; };
		A9232E84245795FF00CF1654 /* Keys.swift in Sources */ = {isa = PBXBuildFile; fileRef = A9232E83245795FE00CF1654 /* Keys.swift */; };
		A9232E862457979F00CF1654 /* NewsService.swift in Sources */ = {isa = PBXBuildFile; fileRef = A9232E852457979F00CF1654 /* NewsService.swift */; };
		A9232E88245797EE00CF1654 /* News.swift in Sources */ = {isa = PBXBuildFile; fileRef = A9232E87245797EE00CF1654 /* News.swift */; };
		A9232E8A24579CAC00CF1654 /* NewsCell.swift in Sources */ = {isa = PBXBuildFile; fileRef = A9232E8924579CAC00CF1654 /* NewsCell.swift */; };
		A93B3F562432CBB200AFC97F /* AppDelegate.swift in Sources */ = {isa = PBXBuildFile; fileRef = A93B3F552432CBB200AFC97F /* AppDelegate.swift */; };
		A93B3F5F2432CBB300AFC97F /* Assets.xcassets in Resources */ = {isa = PBXBuildFile; fileRef = A93B3F5E2432CBB300AFC97F /* Assets.xcassets */; };
		A93B3F622432CBB300AFC97F /* LaunchScreen.storyboard in Resources */ = {isa = PBXBuildFile; fileRef = A93B3F602432CBB300AFC97F /* LaunchScreen.storyboard */; };
		A93B3F7B2432CE6600AFC97F /* Nunito-Light.ttf in Resources */ = {isa = PBXBuildFile; fileRef = A93B3F6D2432CE6600AFC97F /* Nunito-Light.ttf */; };
		A93B3F7C2432CE6600AFC97F /* Nunito-Regular.ttf in Resources */ = {isa = PBXBuildFile; fileRef = A93B3F6E2432CE6600AFC97F /* Nunito-Regular.ttf */; };
		A93B3F7D2432CE6600AFC97F /* Nunito-SemiBold.ttf in Resources */ = {isa = PBXBuildFile; fileRef = A93B3F6F2432CE6600AFC97F /* Nunito-SemiBold.ttf */; };
		A93B3F7E2432CE6600AFC97F /* Nunito-Bold.ttf in Resources */ = {isa = PBXBuildFile; fileRef = A93B3F702432CE6600AFC97F /* Nunito-Bold.ttf */; };
		A93B3F882432CF3900AFC97F /* Font.swift in Sources */ = {isa = PBXBuildFile; fileRef = A93B3F872432CF3900AFC97F /* Font.swift */; };
		A93B3F8A2432CFD900AFC97F /* Color.swift in Sources */ = {isa = PBXBuildFile; fileRef = A93B3F892432CFD900AFC97F /* Color.swift */; };
		A93B3F8F2432D04D00AFC97F /* UIColor+Extension.swift in Sources */ = {isa = PBXBuildFile; fileRef = A93B3F8E2432D04D00AFC97F /* UIColor+Extension.swift */; };
		A93B3F922432D2E100AFC97F /* TabBarViewController.swift in Sources */ = {isa = PBXBuildFile; fileRef = A93B3F912432D2E100AFC97F /* TabBarViewController.swift */; };
		A93B3F952432D48400AFC97F /* CodeView.swift in Sources */ = {isa = PBXBuildFile; fileRef = A93B3F942432D48400AFC97F /* CodeView.swift */; };
		A93B3F972432D5FC00AFC97F /* UILabel+Extension.swift in Sources */ = {isa = PBXBuildFile; fileRef = A93B3F962432D5FC00AFC97F /* UILabel+Extension.swift */; };
		A93B3F992432D70A00AFC97F /* UIView+Anchors.swift in Sources */ = {isa = PBXBuildFile; fileRef = A93B3F982432D70A00AFC97F /* UIView+Anchors.swift */; };
		A93B3FA424355B8200AFC97F /* UIView+Gradient.swift in Sources */ = {isa = PBXBuildFile; fileRef = A93B3FA324355B8200AFC97F /* UIView+Gradient.swift */; };
		A93B3FA724355BFF00AFC97F /* WorldViewController.swift in Sources */ = {isa = PBXBuildFile; fileRef = A93B3FA624355BFF00AFC97F /* WorldViewController.swift */; };
		A93B3FA924355C5600AFC97F /* UIView+Shadow.swift in Sources */ = {isa = PBXBuildFile; fileRef = A93B3FA824355C5600AFC97F /* UIView+Shadow.swift */; };
		A93B3FAB24355C6B00AFC97F /* UICollectionView+Extension.swift in Sources */ = {isa = PBXBuildFile; fileRef = A93B3FAA24355C6B00AFC97F /* UICollectionView+Extension.swift */; };
		A93B3FAD24355C7A00AFC97F /* UICollectionReusableView+Extension.swift in Sources */ = {isa = PBXBuildFile; fileRef = A93B3FAC24355C7A00AFC97F /* UICollectionReusableView+Extension.swift */; };
		A93B3FB024355DCB00AFC97F /* Country.swift in Sources */ = {isa = PBXBuildFile; fileRef = A93B3FAF24355DCB00AFC97F /* Country.swift */; };
		A93B3FB324355EAE00AFC97F /* HistoricalCountryInfo.swift in Sources */ = {isa = PBXBuildFile; fileRef = A93B3FB224355EAE00AFC97F /* HistoricalCountryInfo.swift */; };
		A93B3FC824355F5700AFC97F /* DefaultDataRequest.swift in Sources */ = {isa = PBXBuildFile; fileRef = A93B3FB624355F5700AFC97F /* DefaultDataRequest.swift */; };
		A93B3FC924355F5700AFC97F /* DataRequest.swift in Sources */ = {isa = PBXBuildFile; fileRef = A93B3FB824355F5700AFC97F /* DataRequest.swift */; };
		A93B3FCA24355F5700AFC97F /* DefaultDataRequest+WebserviceRequest.swift in Sources */ = {isa = PBXBuildFile; fileRef = A93B3FBA24355F5700AFC97F /* DefaultDataRequest+WebserviceRequest.swift */; };
		A93B3FCB24355F5700AFC97F /* NetworkManager.swift in Sources */ = {isa = PBXBuildFile; fileRef = A93B3FBC24355F5700AFC97F /* NetworkManager.swift */; };
		A93B3FCC24355F5700AFC97F /* HTTPMethod.swift in Sources */ = {isa = PBXBuildFile; fileRef = A93B3FBE24355F5700AFC97F /* HTTPMethod.swift */; };
		A93B3FCE24355F5700AFC97F /* WebserviceRequest.swift in Sources */ = {isa = PBXBuildFile; fileRef = A93B3FC124355F5700AFC97F /* WebserviceRequest.swift */; };
		A93B3FD324355FCD00AFC97F /* WebserviceError.swift in Sources */ = {isa = PBXBuildFile; fileRef = A93B3FD224355FCD00AFC97F /* WebserviceError.swift */; };
		A950703D24531819007DC98F /* HomeViewController.swift in Sources */ = {isa = PBXBuildFile; fileRef = A950703C24531819007DC98F /* HomeViewController.swift */; };
		A97100F424411A6D002EDF34 /* WorldService.swift in Sources */ = {isa = PBXBuildFile; fileRef = A97100F324411A6D002EDF34 /* WorldService.swift */; };
		A98FC6A924411D51004433A6 /* NetworkManagerProtocol.swift in Sources */ = {isa = PBXBuildFile; fileRef = A98FC6A824411D51004433A6 /* NetworkManagerProtocol.swift */; };
		A98FC6AB24411E96004433A6 /* TotalCasesCell.swift in Sources */ = {isa = PBXBuildFile; fileRef = A98FC6AA24411E96004433A6 /* TotalCasesCell.swift */; };
		A98FC6AF24411F25004433A6 /* Timeline.swift in Sources */ = {isa = PBXBuildFile; fileRef = A98FC6AE24411F25004433A6 /* Timeline.swift */; };
		A98FC6B124412164004433A6 /* UIView+BackgroundColorInit.swift in Sources */ = {isa = PBXBuildFile; fileRef = A98FC6B024412164004433A6 /* UIView+BackgroundColorInit.swift */; };
		A98FC6B4244121B2004433A6 /* BallView.swift in Sources */ = {isa = PBXBuildFile; fileRef = A98FC6B3244121B2004433A6 /* BallView.swift */; };
		A98FC6B62441224C004433A6 /* SpaceView.swift in Sources */ = {isa = PBXBuildFile; fileRef = A98FC6B52441224C004433A6 /* SpaceView.swift */; };
		A98FC6B924416194004433A6 /* BaseViewController.swift in Sources */ = {isa = PBXBuildFile; fileRef = A98FC6B824416194004433A6 /* BaseViewController.swift */; };
		A98FC6BC244218F7004433A6 /* CovidPieChartView.swift in Sources */ = {isa = PBXBuildFile; fileRef = A98FC6BB244218F7004433A6 /* CovidPieChartView.swift */; };
		A98FC6BE24421966004433A6 /* PageSelectorView.swift in Sources */ = {isa = PBXBuildFile; fileRef = A98FC6BD24421966004433A6 /* PageSelectorView.swift */; };
		A98FC6C024421A12004433A6 /* String+Calculations.swift in Sources */ = {isa = PBXBuildFile; fileRef = A98FC6BF24421A12004433A6 /* String+Calculations.swift */; };
		A98FC6C3244221FF004433A6 /* CountryViewController.swift in Sources */ = {isa = PBXBuildFile; fileRef = A98FC6C2244221FF004433A6 /* CountryViewController.swift */; };
		A98FC6C624422406004433A6 /* NewsViewController.swift in Sources */ = {isa = PBXBuildFile; fileRef = A98FC6C524422406004433A6 /* NewsViewController.swift */; };
		A98FC6CA244228F4004433A6 /* CareViewController.swift in Sources */ = {isa = PBXBuildFile; fileRef = A98FC6C9244228F4004433A6 /* CareViewController.swift */; };
		A98FC6CC24422C3D004433A6 /* CountryService.swift in Sources */ = {isa = PBXBuildFile; fileRef = A98FC6CB24422C3D004433A6 /* CountryService.swift */; };
		A98FC6D22442342E004433A6 /* SimpleCountryCasesCell.swift in Sources */ = {isa = PBXBuildFile; fileRef = A98FC6D12442342E004433A6 /* SimpleCountryCasesCell.swift */; };
		A98FC6D42442452D004433A6 /* Int+DecimalFormat.swift in Sources */ = {isa = PBXBuildFile; fileRef = A98FC6D32442452D004433A6 /* Int+DecimalFormat.swift */; };
		A98FC6D624424608004433A6 /* CountryInfo.swift in Sources */ = {isa = PBXBuildFile; fileRef = A98FC6D524424608004433A6 /* CountryInfo.swift */; };
		A98FC6D8244249A7004433A6 /* LoadingView.swift in Sources */ = {isa = PBXBuildFile; fileRef = A98FC6D7244249A7004433A6 /* LoadingView.swift */; };
		A98FC6DA244249D2004433A6 /* ErrorView.swift in Sources */ = {isa = PBXBuildFile; fileRef = A98FC6D9244249D2004433A6 /* ErrorView.swift */; };
		A98FC6DD244252FD004433A6 /* SearchViewController.swift in Sources */ = {isa = PBXBuildFile; fileRef = A98FC6DC244252FD004433A6 /* SearchViewController.swift */; };
		A98FC6E0244257DF004433A6 /* TodayCasesCell.swift in Sources */ = {isa = PBXBuildFile; fileRef = A98FC6DF244257DF004433A6 /* TodayCasesCell.swift */; };
		A98FC6E2244260CD004433A6 /* PercentRateCell.swift in Sources */ = {isa = PBXBuildFile; fileRef = A98FC6E1244260CD004433A6 /* PercentRateCell.swift */; };
		A98FC6E4244266DD004433A6 /* Double+DecimalFormat.swift in Sources */ = {isa = PBXBuildFile; fileRef = A98FC6E3244266DD004433A6 /* Double+DecimalFormat.swift */; };
		A98FC6E624427B50004433A6 /* SpreadOverTimeCell.swift in Sources */ = {isa = PBXBuildFile; fileRef = A98FC6E524427B50004433A6 /* SpreadOverTimeCell.swift */; };
		A98FC6E824427CA8004433A6 /* HistoricalInfoService.swift in Sources */ = {isa = PBXBuildFile; fileRef = A98FC6E724427CA8004433A6 /* HistoricalInfoService.swift */; };
		A98FC6EB2442BA26004433A6 /* CovidBarChartView.swift in Sources */ = {isa = PBXBuildFile; fileRef = A98FC6EA2442BA26004433A6 /* CovidBarChartView.swift */; };
		A98FC6EF2445300E004433A6 /* SearchCell.swift in Sources */ = {isa = PBXBuildFile; fileRef = A98FC6EE2445300E004433A6 /* SearchCell.swift */; };
		A98FC6F1244537A9004433A6 /* Notification+Extension.swift in Sources */ = {isa = PBXBuildFile; fileRef = A98FC6F0244537A9004433A6 /* Notification+Extension.swift */; };
		A98FC6F424455226004433A6 /* Keyboard.swift in Sources */ = {isa = PBXBuildFile; fileRef = A98FC6F324455226004433A6 /* Keyboard.swift */; };
		A99B73EE2446746800383D30 /* CareModel.swift in Sources */ = {isa = PBXBuildFile; fileRef = A99B73ED2446746800383D30 /* CareModel.swift */; };
		A99B73F0244679CE00383D30 /* CareCardCell.swift in Sources */ = {isa = PBXBuildFile; fileRef = A99B73EF244679CE00383D30 /* CareCardCell.swift */; };
		A99B73F22446901300383D30 /* GoogleService-Info.plist in Resources */ = {isa = PBXBuildFile; fileRef = A99B73F12446901300383D30 /* GoogleService-Info.plist */; };
		A99B73F5244690F600383D30 /* Tracker.swift in Sources */ = {isa = PBXBuildFile; fileRef = A99B73F4244690F600383D30 /* Tracker.swift */; };
		A99B73F9244696A700383D30 /* CareSourceCell.swift in Sources */ = {isa = PBXBuildFile; fileRef = A99B73F8244696A700383D30 /* CareSourceCell.swift */; };
/* End PBXBuildFile section */

/* Begin PBXFileReference section */
		2B903A744364DAF7F48BC799 /* Pods-Covid19Tracker.debug.xcconfig */ = {isa = PBXFileReference; includeInIndex = 1; lastKnownFileType = text.xcconfig; name = "Pods-Covid19Tracker.debug.xcconfig"; path = "Target Support Files/Pods-Covid19Tracker/Pods-Covid19Tracker.debug.xcconfig"; sourceTree = "<group>"; };
		A9232E83245795FE00CF1654 /* Keys.swift */ = {isa = PBXFileReference; lastKnownFileType = sourcecode.swift; path = Keys.swift; sourceTree = "<group>"; };
		A9232E852457979F00CF1654 /* NewsService.swift */ = {isa = PBXFileReference; lastKnownFileType = sourcecode.swift; path = NewsService.swift; sourceTree = "<group>"; };
		A9232E87245797EE00CF1654 /* News.swift */ = {isa = PBXFileReference; lastKnownFileType = sourcecode.swift; path = News.swift; sourceTree = "<group>"; };
		A9232E8924579CAC00CF1654 /* NewsCell.swift */ = {isa = PBXFileReference; lastKnownFileType = sourcecode.swift; path = NewsCell.swift; sourceTree = "<group>"; };
		A93B3F522432CBB200AFC97F /* Covid19 Tracker.app */ = {isa = PBXFileReference; explicitFileType = wrapper.application; includeInIndex = 0; path = "Covid19 Tracker.app"; sourceTree = BUILT_PRODUCTS_DIR; };
		A93B3F552432CBB200AFC97F /* AppDelegate.swift */ = {isa = PBXFileReference; lastKnownFileType = sourcecode.swift; path = AppDelegate.swift; sourceTree = "<group>"; };
		A93B3F5E2432CBB300AFC97F /* Assets.xcassets */ = {isa = PBXFileReference; lastKnownFileType = folder.assetcatalog; path = Assets.xcassets; sourceTree = "<group>"; };
		A93B3F612432CBB300AFC97F /* Base */ = {isa = PBXFileReference; lastKnownFileType = file.storyboard; name = Base; path = Base.lproj/LaunchScreen.storyboard; sourceTree = "<group>"; };
		A93B3F632432CBB300AFC97F /* Info.plist */ = {isa = PBXFileReference; lastKnownFileType = text.plist.xml; path = Info.plist; sourceTree = "<group>"; };
		A93B3F6D2432CE6600AFC97F /* Nunito-Light.ttf */ = {isa = PBXFileReference; lastKnownFileType = file; path = "Nunito-Light.ttf"; sourceTree = "<group>"; };
		A93B3F6E2432CE6600AFC97F /* Nunito-Regular.ttf */ = {isa = PBXFileReference; lastKnownFileType = file; path = "Nunito-Regular.ttf"; sourceTree = "<group>"; };
		A93B3F6F2432CE6600AFC97F /* Nunito-SemiBold.ttf */ = {isa = PBXFileReference; lastKnownFileType = file; path = "Nunito-SemiBold.ttf"; sourceTree = "<group>"; };
		A93B3F702432CE6600AFC97F /* Nunito-Bold.ttf */ = {isa = PBXFileReference; lastKnownFileType = file; path = "Nunito-Bold.ttf"; sourceTree = "<group>"; };
		A93B3F872432CF3900AFC97F /* Font.swift */ = {isa = PBXFileReference; lastKnownFileType = sourcecode.swift; path = Font.swift; sourceTree = "<group>"; };
		A93B3F892432CFD900AFC97F /* Color.swift */ = {isa = PBXFileReference; lastKnownFileType = sourcecode.swift; path = Color.swift; sourceTree = "<group>"; };
		A93B3F8E2432D04D00AFC97F /* UIColor+Extension.swift */ = {isa = PBXFileReference; lastKnownFileType = sourcecode.swift; path = "UIColor+Extension.swift"; sourceTree = "<group>"; };
		A93B3F912432D2E100AFC97F /* TabBarViewController.swift */ = {isa = PBXFileReference; lastKnownFileType = sourcecode.swift; path = TabBarViewController.swift; sourceTree = "<group>"; };
		A93B3F942432D48400AFC97F /* CodeView.swift */ = {isa = PBXFileReference; lastKnownFileType = sourcecode.swift; path = CodeView.swift; sourceTree = "<group>"; };
		A93B3F962432D5FC00AFC97F /* UILabel+Extension.swift */ = {isa = PBXFileReference; lastKnownFileType = sourcecode.swift; path = "UILabel+Extension.swift"; sourceTree = "<group>"; };
		A93B3F982432D70A00AFC97F /* UIView+Anchors.swift */ = {isa = PBXFileReference; lastKnownFileType = sourcecode.swift; path = "UIView+Anchors.swift"; sourceTree = "<group>"; };
		A93B3FA324355B8200AFC97F /* UIView+Gradient.swift */ = {isa = PBXFileReference; lastKnownFileType = sourcecode.swift; path = "UIView+Gradient.swift"; sourceTree = "<group>"; };
		A93B3FA624355BFF00AFC97F /* WorldViewController.swift */ = {isa = PBXFileReference; lastKnownFileType = sourcecode.swift; path = WorldViewController.swift; sourceTree = "<group>"; };
		A93B3FA824355C5600AFC97F /* UIView+Shadow.swift */ = {isa = PBXFileReference; lastKnownFileType = sourcecode.swift; path = "UIView+Shadow.swift"; sourceTree = "<group>"; };
		A93B3FAA24355C6B00AFC97F /* UICollectionView+Extension.swift */ = {isa = PBXFileReference; lastKnownFileType = sourcecode.swift; path = "UICollectionView+Extension.swift"; sourceTree = "<group>"; };
		A93B3FAC24355C7A00AFC97F /* UICollectionReusableView+Extension.swift */ = {isa = PBXFileReference; lastKnownFileType = sourcecode.swift; path = "UICollectionReusableView+Extension.swift"; sourceTree = "<group>"; };
		A93B3FAF24355DCB00AFC97F /* Country.swift */ = {isa = PBXFileReference; lastKnownFileType = sourcecode.swift; path = Country.swift; sourceTree = "<group>"; };
		A93B3FB224355EAE00AFC97F /* HistoricalCountryInfo.swift */ = {isa = PBXFileReference; lastKnownFileType = sourcecode.swift; path = HistoricalCountryInfo.swift; sourceTree = "<group>"; };
		A93B3FB624355F5700AFC97F /* DefaultDataRequest.swift */ = {isa = PBXFileReference; fileEncoding = 4; lastKnownFileType = sourcecode.swift; path = DefaultDataRequest.swift; sourceTree = "<group>"; };
		A93B3FB824355F5700AFC97F /* DataRequest.swift */ = {isa = PBXFileReference; fileEncoding = 4; lastKnownFileType = sourcecode.swift; path = DataRequest.swift; sourceTree = "<group>"; };
		A93B3FBA24355F5700AFC97F /* DefaultDataRequest+WebserviceRequest.swift */ = {isa = PBXFileReference; fileEncoding = 4; lastKnownFileType = sourcecode.swift; path = "DefaultDataRequest+WebserviceRequest.swift"; sourceTree = "<group>"; };
		A93B3FBC24355F5700AFC97F /* NetworkManager.swift */ = {isa = PBXFileReference; fileEncoding = 4; lastKnownFileType = sourcecode.swift; path = NetworkManager.swift; sourceTree = "<group>"; };
		A93B3FBE24355F5700AFC97F /* HTTPMethod.swift */ = {isa = PBXFileReference; fileEncoding = 4; lastKnownFileType = sourcecode.swift; path = HTTPMethod.swift; sourceTree = "<group>"; };
		A93B3FC124355F5700AFC97F /* WebserviceRequest.swift */ = {isa = PBXFileReference; fileEncoding = 4; lastKnownFileType = sourcecode.swift; path = WebserviceRequest.swift; sourceTree = "<group>"; };
		A93B3FD224355FCD00AFC97F /* WebserviceError.swift */ = {isa = PBXFileReference; lastKnownFileType = sourcecode.swift; path = WebserviceError.swift; sourceTree = "<group>"; };
		A950703C24531819007DC98F /* HomeViewController.swift */ = {isa = PBXFileReference; lastKnownFileType = sourcecode.swift; path = HomeViewController.swift; sourceTree = "<group>"; };
		A97100F324411A6D002EDF34 /* WorldService.swift */ = {isa = PBXFileReference; lastKnownFileType = sourcecode.swift; path = WorldService.swift; sourceTree = "<group>"; };
		A98FC6A824411D51004433A6 /* NetworkManagerProtocol.swift */ = {isa = PBXFileReference; fileEncoding = 4; lastKnownFileType = sourcecode.swift; path = NetworkManagerProtocol.swift; sourceTree = "<group>"; };
		A98FC6AA24411E96004433A6 /* TotalCasesCell.swift */ = {isa = PBXFileReference; lastKnownFileType = sourcecode.swift; path = TotalCasesCell.swift; sourceTree = "<group>"; };
		A98FC6AE24411F25004433A6 /* Timeline.swift */ = {isa = PBXFileReference; lastKnownFileType = sourcecode.swift; path = Timeline.swift; sourceTree = "<group>"; };
		A98FC6B024412164004433A6 /* UIView+BackgroundColorInit.swift */ = {isa = PBXFileReference; lastKnownFileType = sourcecode.swift; path = "UIView+BackgroundColorInit.swift"; sourceTree = "<group>"; };
		A98FC6B3244121B2004433A6 /* BallView.swift */ = {isa = PBXFileReference; lastKnownFileType = sourcecode.swift; path = BallView.swift; sourceTree = "<group>"; };
		A98FC6B52441224C004433A6 /* SpaceView.swift */ = {isa = PBXFileReference; lastKnownFileType = sourcecode.swift; path = SpaceView.swift; sourceTree = "<group>"; };
		A98FC6B824416194004433A6 /* BaseViewController.swift */ = {isa = PBXFileReference; lastKnownFileType = sourcecode.swift; path = BaseViewController.swift; sourceTree = "<group>"; };
		A98FC6BB244218F7004433A6 /* CovidPieChartView.swift */ = {isa = PBXFileReference; lastKnownFileType = sourcecode.swift; path = CovidPieChartView.swift; sourceTree = "<group>"; };
		A98FC6BD24421966004433A6 /* PageSelectorView.swift */ = {isa = PBXFileReference; lastKnownFileType = sourcecode.swift; path = PageSelectorView.swift; sourceTree = "<group>"; };
		A98FC6BF24421A12004433A6 /* String+Calculations.swift */ = {isa = PBXFileReference; lastKnownFileType = sourcecode.swift; path = "String+Calculations.swift"; sourceTree = "<group>"; };
		A98FC6C2244221FF004433A6 /* CountryViewController.swift */ = {isa = PBXFileReference; lastKnownFileType = sourcecode.swift; path = CountryViewController.swift; sourceTree = "<group>"; };
		A98FC6C524422406004433A6 /* NewsViewController.swift */ = {isa = PBXFileReference; lastKnownFileType = sourcecode.swift; path = NewsViewController.swift; sourceTree = "<group>"; };
		A98FC6C9244228F4004433A6 /* CareViewController.swift */ = {isa = PBXFileReference; lastKnownFileType = sourcecode.swift; path = CareViewController.swift; sourceTree = "<group>"; };
		A98FC6CB24422C3D004433A6 /* CountryService.swift */ = {isa = PBXFileReference; lastKnownFileType = sourcecode.swift; path = CountryService.swift; sourceTree = "<group>"; };
		A98FC6D12442342E004433A6 /* SimpleCountryCasesCell.swift */ = {isa = PBXFileReference; lastKnownFileType = sourcecode.swift; path = SimpleCountryCasesCell.swift; sourceTree = "<group>"; };
		A98FC6D32442452D004433A6 /* Int+DecimalFormat.swift */ = {isa = PBXFileReference; lastKnownFileType = sourcecode.swift; path = "Int+DecimalFormat.swift"; sourceTree = "<group>"; };
		A98FC6D524424608004433A6 /* CountryInfo.swift */ = {isa = PBXFileReference; lastKnownFileType = sourcecode.swift; path = CountryInfo.swift; sourceTree = "<group>"; };
		A98FC6D7244249A7004433A6 /* LoadingView.swift */ = {isa = PBXFileReference; lastKnownFileType = sourcecode.swift; path = LoadingView.swift; sourceTree = "<group>"; };
		A98FC6D9244249D2004433A6 /* ErrorView.swift */ = {isa = PBXFileReference; lastKnownFileType = sourcecode.swift; path = ErrorView.swift; sourceTree = "<group>"; };
		A98FC6DC244252FD004433A6 /* SearchViewController.swift */ = {isa = PBXFileReference; lastKnownFileType = sourcecode.swift; path = SearchViewController.swift; sourceTree = "<group>"; };
		A98FC6DF244257DF004433A6 /* TodayCasesCell.swift */ = {isa = PBXFileReference; lastKnownFileType = sourcecode.swift; path = TodayCasesCell.swift; sourceTree = "<group>"; };
		A98FC6E1244260CD004433A6 /* PercentRateCell.swift */ = {isa = PBXFileReference; lastKnownFileType = sourcecode.swift; path = PercentRateCell.swift; sourceTree = "<group>"; };
		A98FC6E3244266DD004433A6 /* Double+DecimalFormat.swift */ = {isa = PBXFileReference; lastKnownFileType = sourcecode.swift; path = "Double+DecimalFormat.swift"; sourceTree = "<group>"; };
		A98FC6E524427B50004433A6 /* SpreadOverTimeCell.swift */ = {isa = PBXFileReference; lastKnownFileType = sourcecode.swift; path = SpreadOverTimeCell.swift; sourceTree = "<group>"; };
		A98FC6E724427CA8004433A6 /* HistoricalInfoService.swift */ = {isa = PBXFileReference; lastKnownFileType = sourcecode.swift; path = HistoricalInfoService.swift; sourceTree = "<group>"; };
		A98FC6EA2442BA26004433A6 /* CovidBarChartView.swift */ = {isa = PBXFileReference; lastKnownFileType = sourcecode.swift; path = CovidBarChartView.swift; sourceTree = "<group>"; };
		A98FC6EE2445300E004433A6 /* SearchCell.swift */ = {isa = PBXFileReference; lastKnownFileType = sourcecode.swift; path = SearchCell.swift; sourceTree = "<group>"; };
		A98FC6F0244537A9004433A6 /* Notification+Extension.swift */ = {isa = PBXFileReference; lastKnownFileType = sourcecode.swift; path = "Notification+Extension.swift"; sourceTree = "<group>"; };
		A98FC6F324455226004433A6 /* Keyboard.swift */ = {isa = PBXFileReference; lastKnownFileType = sourcecode.swift; path = Keyboard.swift; sourceTree = "<group>"; };
		A99B73ED2446746800383D30 /* CareModel.swift */ = {isa = PBXFileReference; lastKnownFileType = sourcecode.swift; path = CareModel.swift; sourceTree = "<group>"; };
		A99B73EF244679CE00383D30 /* CareCardCell.swift */ = {isa = PBXFileReference; lastKnownFileType = sourcecode.swift; path = CareCardCell.swift; sourceTree = "<group>"; };
		A99B73F12446901300383D30 /* GoogleService-Info.plist */ = {isa = PBXFileReference; fileEncoding = 4; lastKnownFileType = text.plist.xml; path = "GoogleService-Info.plist"; sourceTree = "<group>"; };
		A99B73F4244690F600383D30 /* Tracker.swift */ = {isa = PBXFileReference; lastKnownFileType = sourcecode.swift; path = Tracker.swift; sourceTree = "<group>"; };
		A99B73F8244696A700383D30 /* CareSourceCell.swift */ = {isa = PBXFileReference; lastKnownFileType = sourcecode.swift; path = CareSourceCell.swift; sourceTree = "<group>"; };
		AE2BCB132259F7D4307471B9 /* Pods_Covid19Tracker.framework */ = {isa = PBXFileReference; explicitFileType = wrapper.framework; includeInIndex = 0; path = Pods_Covid19Tracker.framework; sourceTree = BUILT_PRODUCTS_DIR; };
		F36BC17731B1BC0EAD156C71 /* Pods-Covid19Tracker.release.xcconfig */ = {isa = PBXFileReference; includeInIndex = 1; lastKnownFileType = text.xcconfig; name = "Pods-Covid19Tracker.release.xcconfig"; path = "Target Support Files/Pods-Covid19Tracker/Pods-Covid19Tracker.release.xcconfig"; sourceTree = "<group>"; };
/* End PBXFileReference section */

/* Begin PBXFrameworksBuildPhase section */
		A93B3F4F2432CBB200AFC97F /* Frameworks */ = {
			isa = PBXFrameworksBuildPhase;
			buildActionMask = 2147483647;
			files = (
				7B10B6E2FFAF89F0A22BF443 /* Pods_Covid19Tracker.framework in Frameworks */,
			);
			runOnlyForDeploymentPostprocessing = 0;
		};
/* End PBXFrameworksBuildPhase section */

/* Begin PBXGroup section */
		6BAA37E26BCC316F5030035E /* Pods */ = {
			isa = PBXGroup;
			children = (
				2B903A744364DAF7F48BC799 /* Pods-Covid19Tracker.debug.xcconfig */,
				F36BC17731B1BC0EAD156C71 /* Pods-Covid19Tracker.release.xcconfig */,
			);
			path = Pods;
			sourceTree = "<group>";
		};
		A93B3F492432CBB200AFC97F = {
			isa = PBXGroup;
			children = (
				A93B3F542432CBB200AFC97F /* Covid19Tracker */,
				A93B3F692432CE6600AFC97F /* Fonts */,
				A93B3F532432CBB200AFC97F /* Products */,
				6BAA37E26BCC316F5030035E /* Pods */,
				F148B3CD0040E95CDBA0E984 /* Frameworks */,
			);
			sourceTree = "<group>";
		};
		A93B3F532432CBB200AFC97F /* Products */ = {
			isa = PBXGroup;
			children = (
				A93B3F522432CBB200AFC97F /* Covid19 Tracker.app */,
			);
			name = Products;
			sourceTree = "<group>";
		};
		A93B3F542432CBB200AFC97F /* Covid19Tracker */ = {
			isa = PBXGroup;
			children = (
				A98FC6B2244121AA004433A6 /* Views */,
				A93B3F932432D47C00AFC97F /* Utils */,
				A93B3F8D2432D04200AFC97F /* Extensions */,
				A93B3F862432CF3100AFC97F /* Constants */,
				A93B3FAE24355DBD00AFC97F /* Models */,
				A93B3FB424355F5700AFC97F /* Api */,
				A93B3FB124355E8900AFC97F /* Services */,
				A98FC6C7244224CA004433A6 /* Cells */,
				A93B3F8B2432CFE700AFC97F /* Components */,
				A93B3F552432CBB200AFC97F /* AppDelegate.swift */,
				A93B3F5E2432CBB300AFC97F /* Assets.xcassets */,
				A93B3F602432CBB300AFC97F /* LaunchScreen.storyboard */,
				A93B3F632432CBB300AFC97F /* Info.plist */,
				A99B73F12446901300383D30 /* GoogleService-Info.plist */,
			);
			path = Covid19Tracker;
			sourceTree = "<group>";
		};
		A93B3F692432CE6600AFC97F /* Fonts */ = {
			isa = PBXGroup;
			children = (
				A93B3F6D2432CE6600AFC97F /* Nunito-Light.ttf */,
				A93B3F6E2432CE6600AFC97F /* Nunito-Regular.ttf */,
				A93B3F6F2432CE6600AFC97F /* Nunito-SemiBold.ttf */,
				A93B3F702432CE6600AFC97F /* Nunito-Bold.ttf */,
			);
			name = Fonts;
			path = Covid19Tracker/Fonts;
			sourceTree = "<group>";
		};
		A93B3F862432CF3100AFC97F /* Constants */ = {
			isa = PBXGroup;
			children = (
				A93B3F872432CF3900AFC97F /* Font.swift */,
				A93B3F892432CFD900AFC97F /* Color.swift */,
			);
			path = Constants;
			sourceTree = "<group>";
		};
		A93B3F8B2432CFE700AFC97F /* Components */ = {
			isa = PBXGroup;
			children = (
				A98FC6B72441618B004433A6 /* Base */,
				A93B3F902432D2CD00AFC97F /* TabBar */,
				A950703E24531820007DC98F /* Home */,
				A98FC6C1244221F2004433A6 /* Country */,
				A93B3FA524355BEF00AFC97F /* World */,
				A98FC6DB244252EE004433A6 /* Search */,
				A98FC6C4244223FA004433A6 /* News */,
				A98FC6C8244228E6004433A6 /* Care */,
			);
			path = Components;
			sourceTree = "<group>";
		};
		A93B3F8D2432D04200AFC97F /* Extensions */ = {
			isa = PBXGroup;
			children = (
				A93B3F8E2432D04D00AFC97F /* UIColor+Extension.swift */,
				A93B3F962432D5FC00AFC97F /* UILabel+Extension.swift */,
				A93B3F982432D70A00AFC97F /* UIView+Anchors.swift */,
				A93B3FA324355B8200AFC97F /* UIView+Gradient.swift */,
				A93B3FA824355C5600AFC97F /* UIView+Shadow.swift */,
				A93B3FAA24355C6B00AFC97F /* UICollectionView+Extension.swift */,
				A93B3FAC24355C7A00AFC97F /* UICollectionReusableView+Extension.swift */,
				A98FC6B024412164004433A6 /* UIView+BackgroundColorInit.swift */,
				A98FC6BF24421A12004433A6 /* String+Calculations.swift */,
				A98FC6D32442452D004433A6 /* Int+DecimalFormat.swift */,
				A98FC6E3244266DD004433A6 /* Double+DecimalFormat.swift */,
				A98FC6F0244537A9004433A6 /* Notification+Extension.swift */,
			);
			path = Extensions;
			sourceTree = "<group>";
		};
		A93B3F902432D2CD00AFC97F /* TabBar */ = {
			isa = PBXGroup;
			children = (
				A93B3F912432D2E100AFC97F /* TabBarViewController.swift */,
			);
			path = TabBar;
			sourceTree = "<group>";
		};
		A93B3F932432D47C00AFC97F /* Utils */ = {
			isa = PBXGroup;
			children = (
				A99B73F3244690EB00383D30 /* Tracker */,
				A98FC6F22445521E004433A6 /* Keyboard */,
				A93B3F942432D48400AFC97F /* CodeView.swift */,
				A9232E83245795FE00CF1654 /* Keys.swift */,
			);
			path = Utils;
			sourceTree = "<group>";
		};
		A93B3FA524355BEF00AFC97F /* World */ = {
			isa = PBXGroup;
			children = (
				A93B3FA624355BFF00AFC97F /* WorldViewController.swift */,
			);
			path = World;
			sourceTree = "<group>";
		};
		A93B3FAE24355DBD00AFC97F /* Models */ = {
			isa = PBXGroup;
			children = (
				A93B3FAF24355DCB00AFC97F /* Country.swift */,
				A93B3FB224355EAE00AFC97F /* HistoricalCountryInfo.swift */,
				A98FC6AE24411F25004433A6 /* Timeline.swift */,
				A98FC6D524424608004433A6 /* CountryInfo.swift */,
				A99B73ED2446746800383D30 /* CareModel.swift */,
				A9232E87245797EE00CF1654 /* News.swift */,
			);
			path = Models;
			sourceTree = "<group>";
		};
		A93B3FB124355E8900AFC97F /* Services */ = {
			isa = PBXGroup;
			children = (
				A97100F324411A6D002EDF34 /* WorldService.swift */,
				A98FC6CB24422C3D004433A6 /* CountryService.swift */,
				A98FC6E724427CA8004433A6 /* HistoricalInfoService.swift */,
				A9232E852457979F00CF1654 /* NewsService.swift */,
			);
			path = Services;
			sourceTree = "<group>";
		};
		A93B3FB424355F5700AFC97F /* Api */ = {
			isa = PBXGroup;
			children = (
				A93B3FB524355F5700AFC97F /* DataRequest */,
				A93B3FBB24355F5700AFC97F /* Network */,
			);
			path = Api;
			sourceTree = "<group>";
		};
		A93B3FB524355F5700AFC97F /* DataRequest */ = {
			isa = PBXGroup;
			children = (
				A93B3FB624355F5700AFC97F /* DefaultDataRequest.swift */,
				A93B3FB724355F5700AFC97F /* Protocol */,
				A93B3FB924355F5700AFC97F /* Extensions */,
			);
			path = DataRequest;
			sourceTree = "<group>";
		};
		A93B3FB724355F5700AFC97F /* Protocol */ = {
			isa = PBXGroup;
			children = (
				A93B3FB824355F5700AFC97F /* DataRequest.swift */,
			);
			path = Protocol;
			sourceTree = "<group>";
		};
		A93B3FB924355F5700AFC97F /* Extensions */ = {
			isa = PBXGroup;
			children = (
				A93B3FBA24355F5700AFC97F /* DefaultDataRequest+WebserviceRequest.swift */,
			);
			path = Extensions;
			sourceTree = "<group>";
		};
		A93B3FBB24355F5700AFC97F /* Network */ = {
			isa = PBXGroup;
			children = (
				A93B3FBC24355F5700AFC97F /* NetworkManager.swift */,
				A93B3FBD24355F5700AFC97F /* Enum */,
				A93B3FBF24355F5700AFC97F /* Protocol */,
			);
			path = Network;
			sourceTree = "<group>";
		};
		A93B3FBD24355F5700AFC97F /* Enum */ = {
			isa = PBXGroup;
			children = (
				A93B3FBE24355F5700AFC97F /* HTTPMethod.swift */,
				A93B3FD224355FCD00AFC97F /* WebserviceError.swift */,
			);
			path = Enum;
			sourceTree = "<group>";
		};
		A93B3FBF24355F5700AFC97F /* Protocol */ = {
			isa = PBXGroup;
			children = (
				A98FC6A824411D51004433A6 /* NetworkManagerProtocol.swift */,
				A93B3FC124355F5700AFC97F /* WebserviceRequest.swift */,
			);
			path = Protocol;
			sourceTree = "<group>";
		};
		A950703E24531820007DC98F /* Home */ = {
			isa = PBXGroup;
			children = (
				A950703C24531819007DC98F /* HomeViewController.swift */,
			);
			path = Home;
			sourceTree = "<group>";
		};
		A98FC6B2244121AA004433A6 /* Views */ = {
			isa = PBXGroup;
			children = (
				A98FC6E92442BA17004433A6 /* Charts */,
				A98FC6B3244121B2004433A6 /* BallView.swift */,
				A98FC6B52441224C004433A6 /* SpaceView.swift */,
				A98FC6BD24421966004433A6 /* PageSelectorView.swift */,
				A98FC6D7244249A7004433A6 /* LoadingView.swift */,
				A98FC6D9244249D2004433A6 /* ErrorView.swift */,
			);
			path = Views;
			sourceTree = "<group>";
		};
		A98FC6B72441618B004433A6 /* Base */ = {
			isa = PBXGroup;
			children = (
				A98FC6B824416194004433A6 /* BaseViewController.swift */,
			);
			path = Base;
			sourceTree = "<group>";
		};
		A98FC6C1244221F2004433A6 /* Country */ = {
			isa = PBXGroup;
			children = (
				A98FC6C2244221FF004433A6 /* CountryViewController.swift */,
			);
			path = Country;
			sourceTree = "<group>";
		};
		A98FC6C4244223FA004433A6 /* News */ = {
			isa = PBXGroup;
			children = (
				A98FC6C524422406004433A6 /* NewsViewController.swift */,
				A9232E8924579CAC00CF1654 /* NewsCell.swift */,
			);
			path = News;
			sourceTree = "<group>";
		};
		A98FC6C7244224CA004433A6 /* Cells */ = {
			isa = PBXGroup;
			children = (
				A98FC6AA24411E96004433A6 /* TotalCasesCell.swift */,
				A98FC6D12442342E004433A6 /* SimpleCountryCasesCell.swift */,
				A98FC6DF244257DF004433A6 /* TodayCasesCell.swift */,
				A98FC6E1244260CD004433A6 /* PercentRateCell.swift */,
				A98FC6E524427B50004433A6 /* SpreadOverTimeCell.swift */,
			);
			path = Cells;
			sourceTree = "<group>";
		};
		A98FC6C8244228E6004433A6 /* Care */ = {
			isa = PBXGroup;
			children = (
				A99B73F72446969000383D30 /* Cells */,
				A98FC6C9244228F4004433A6 /* CareViewController.swift */,
			);
			path = Care;
			sourceTree = "<group>";
		};
		A98FC6DB244252EE004433A6 /* Search */ = {
			isa = PBXGroup;
			children = (
				A98FC6DC244252FD004433A6 /* SearchViewController.swift */,
				A98FC6EE2445300E004433A6 /* SearchCell.swift */,
			);
			path = Search;
			sourceTree = "<group>";
		};
		A98FC6E92442BA17004433A6 /* Charts */ = {
			isa = PBXGroup;
			children = (
				A98FC6BB244218F7004433A6 /* CovidPieChartView.swift */,
				A98FC6EA2442BA26004433A6 /* CovidBarChartView.swift */,
			);
			path = Charts;
			sourceTree = "<group>";
		};
		A98FC6F22445521E004433A6 /* Keyboard */ = {
			isa = PBXGroup;
			children = (
				A98FC6F324455226004433A6 /* Keyboard.swift */,
			);
			path = Keyboard;
			sourceTree = "<group>";
		};
		A99B73F3244690EB00383D30 /* Tracker */ = {
			isa = PBXGroup;
			children = (
				A99B73F4244690F600383D30 /* Tracker.swift */,
			);
			path = Tracker;
			sourceTree = "<group>";
		};
		A99B73F72446969000383D30 /* Cells */ = {
			isa = PBXGroup;
			children = (
				A99B73EF244679CE00383D30 /* CareCardCell.swift */,
				A99B73F8244696A700383D30 /* CareSourceCell.swift */,
			);
			path = Cells;
			sourceTree = "<group>";
		};
		F148B3CD0040E95CDBA0E984 /* Frameworks */ = {
			isa = PBXGroup;
			children = (
				AE2BCB132259F7D4307471B9 /* Pods_Covid19Tracker.framework */,
			);
			name = Frameworks;
			sourceTree = "<group>";
		};
/* End PBXGroup section */

/* Begin PBXNativeTarget section */
		A93B3F512432CBB200AFC97F /* Covid19Tracker */ = {
			isa = PBXNativeTarget;
			buildConfigurationList = A93B3F662432CBB300AFC97F /* Build configuration list for PBXNativeTarget "Covid19Tracker" */;
			buildPhases = (
				562387B44DB7D2A37505139C /* [CP] Check Pods Manifest.lock */,
				A93B3F4E2432CBB200AFC97F /* Sources */,
				A93B3F4F2432CBB200AFC97F /* Frameworks */,
				A93B3F502432CBB200AFC97F /* Resources */,
				BF0030E5544585055B146E05 /* [CP] Embed Pods Frameworks */,
			);
			buildRules = (
			);
			dependencies = (
			);
			name = Covid19Tracker;
			productName = Covid19Tracker;
			productReference = A93B3F522432CBB200AFC97F /* Covid19 Tracker.app */;
			productType = "com.apple.product-type.application";
		};
/* End PBXNativeTarget section */

/* Begin PBXProject section */
		A93B3F4A2432CBB200AFC97F /* Project object */ = {
			isa = PBXProject;
			attributes = {
				LastSwiftUpdateCheck = 1140;
				LastUpgradeCheck = 1140;
				ORGANIZATIONNAME = DevsCarioca;
				TargetAttributes = {
					A93B3F512432CBB200AFC97F = {
						CreatedOnToolsVersion = 11.4;
					};
				};
			};
			buildConfigurationList = A93B3F4D2432CBB200AFC97F /* Build configuration list for PBXProject "Covid19Tracker" */;
			compatibilityVersion = "Xcode 9.3";
			developmentRegion = en;
			hasScannedForEncodings = 0;
			knownRegions = (
				en,
				Base,
			);
			mainGroup = A93B3F492432CBB200AFC97F;
			productRefGroup = A93B3F532432CBB200AFC97F /* Products */;
			projectDirPath = "";
			projectRoot = "";
			targets = (
				A93B3F512432CBB200AFC97F /* Covid19Tracker */,
			);
		};
/* End PBXProject section */

/* Begin PBXResourcesBuildPhase section */
		A93B3F502432CBB200AFC97F /* Resources */ = {
			isa = PBXResourcesBuildPhase;
			buildActionMask = 2147483647;
			files = (
				A93B3F7D2432CE6600AFC97F /* Nunito-SemiBold.ttf in Resources */,
				A93B3F622432CBB300AFC97F /* LaunchScreen.storyboard in Resources */,
				A93B3F7B2432CE6600AFC97F /* Nunito-Light.ttf in Resources */,
				A93B3F7E2432CE6600AFC97F /* Nunito-Bold.ttf in Resources */,
				A93B3F5F2432CBB300AFC97F /* Assets.xcassets in Resources */,
				A93B3F7C2432CE6600AFC97F /* Nunito-Regular.ttf in Resources */,
				A99B73F22446901300383D30 /* GoogleService-Info.plist in Resources */,
			);
			runOnlyForDeploymentPostprocessing = 0;
		};
/* End PBXResourcesBuildPhase section */

/* Begin PBXShellScriptBuildPhase section */
		562387B44DB7D2A37505139C /* [CP] Check Pods Manifest.lock */ = {
			isa = PBXShellScriptBuildPhase;
			buildActionMask = 2147483647;
			files = (
			);
			inputFileListPaths = (
			);
			inputPaths = (
				"${PODS_PODFILE_DIR_PATH}/Podfile.lock",
				"${PODS_ROOT}/Manifest.lock",
			);
			name = "[CP] Check Pods Manifest.lock";
			outputFileListPaths = (
			);
			outputPaths = (
				"$(DERIVED_FILE_DIR)/Pods-Covid19Tracker-checkManifestLockResult.txt",
			);
			runOnlyForDeploymentPostprocessing = 0;
			shellPath = /bin/sh;
			shellScript = "diff \"${PODS_PODFILE_DIR_PATH}/Podfile.lock\" \"${PODS_ROOT}/Manifest.lock\" > /dev/null\nif [ $? != 0 ] ; then\n    # print error to STDERR\n    echo \"error: The sandbox is not in sync with the Podfile.lock. Run 'pod install' or update your CocoaPods installation.\" >&2\n    exit 1\nfi\n# This output is used by Xcode 'outputs' to avoid re-running this script phase.\necho \"SUCCESS\" > \"${SCRIPT_OUTPUT_FILE_0}\"\n";
			showEnvVarsInLog = 0;
		};
		BF0030E5544585055B146E05 /* [CP] Embed Pods Frameworks */ = {
			isa = PBXShellScriptBuildPhase;
			buildActionMask = 2147483647;
			files = (
			);
			inputFileListPaths = (
				"${PODS_ROOT}/Target Support Files/Pods-Covid19Tracker/Pods-Covid19Tracker-frameworks-${CONFIGURATION}-input-files.xcfilelist",
			);
			name = "[CP] Embed Pods Frameworks";
			outputFileListPaths = (
				"${PODS_ROOT}/Target Support Files/Pods-Covid19Tracker/Pods-Covid19Tracker-frameworks-${CONFIGURATION}-output-files.xcfilelist",
			);
			runOnlyForDeploymentPostprocessing = 0;
			shellPath = /bin/sh;
			shellScript = "\"${PODS_ROOT}/Target Support Files/Pods-Covid19Tracker/Pods-Covid19Tracker-frameworks.sh\"\n";
			showEnvVarsInLog = 0;
		};
/* End PBXShellScriptBuildPhase section */

/* Begin PBXSourcesBuildPhase section */
		A93B3F4E2432CBB200AFC97F /* Sources */ = {
			isa = PBXSourcesBuildPhase;
			buildActionMask = 2147483647;
			files = (
				A98FC6D22442342E004433A6 /* SimpleCountryCasesCell.swift in Sources */,
				A93B3FCA24355F5700AFC97F /* DefaultDataRequest+WebserviceRequest.swift in Sources */,
				A950703D24531819007DC98F /* HomeViewController.swift in Sources */,
				A98FC6BC244218F7004433A6 /* CovidPieChartView.swift in Sources */,
				A98FC6E4244266DD004433A6 /* Double+DecimalFormat.swift in Sources */,
				A93B3FB024355DCB00AFC97F /* Country.swift in Sources */,
				A93B3FAB24355C6B00AFC97F /* UICollectionView+Extension.swift in Sources */,
				A98FC6D8244249A7004433A6 /* LoadingView.swift in Sources */,
				A93B3F972432D5FC00AFC97F /* UILabel+Extension.swift in Sources */,
				A98FC6E824427CA8004433A6 /* HistoricalInfoService.swift in Sources */,
				A93B3FCB24355F5700AFC97F /* NetworkManager.swift in Sources */,
				A98FC6B924416194004433A6 /* BaseViewController.swift in Sources */,
				A98FC6EF2445300E004433A6 /* SearchCell.swift in Sources */,
				A93B3FAD24355C7A00AFC97F /* UICollectionReusableView+Extension.swift in Sources */,
				A93B3FA424355B8200AFC97F /* UIView+Gradient.swift in Sources */,
				A98FC6CC24422C3D004433A6 /* CountryService.swift in Sources */,
				A93B3F992432D70A00AFC97F /* UIView+Anchors.swift in Sources */,
				A98FC6BE24421966004433A6 /* PageSelectorView.swift in Sources */,
				A9232E88245797EE00CF1654 /* News.swift in Sources */,
				A99B73F5244690F600383D30 /* Tracker.swift in Sources */,
				A98FC6B62441224C004433A6 /* SpaceView.swift in Sources */,
				A98FC6F424455226004433A6 /* Keyboard.swift in Sources */,
				A93B3FCC24355F5700AFC97F /* HTTPMethod.swift in Sources */,
				A99B73F0244679CE00383D30 /* CareCardCell.swift in Sources */,
				A93B3FC924355F5700AFC97F /* DataRequest.swift in Sources */,
				A98FC6E0244257DF004433A6 /* TodayCasesCell.swift in Sources */,
				A9232E862457979F00CF1654 /* NewsService.swift in Sources */,
				A98FC6D624424608004433A6 /* CountryInfo.swift in Sources */,
				A98FC6AF24411F25004433A6 /* Timeline.swift in Sources */,
				A9232E84245795FF00CF1654 /* Keys.swift in Sources */,
				A99B73EE2446746800383D30 /* CareModel.swift in Sources */,
				A99B73F9244696A700383D30 /* CareSourceCell.swift in Sources */,
				A98FC6C3244221FF004433A6 /* CountryViewController.swift in Sources */,
				A93B3FA724355BFF00AFC97F /* WorldViewController.swift in Sources */,
				A93B3FA924355C5600AFC97F /* UIView+Shadow.swift in Sources */,
				A98FC6C624422406004433A6 /* NewsViewController.swift in Sources */,
				A93B3F8A2432CFD900AFC97F /* Color.swift in Sources */,
				A98FC6B124412164004433A6 /* UIView+BackgroundColorInit.swift in Sources */,
				A98FC6F1244537A9004433A6 /* Notification+Extension.swift in Sources */,
				A98FC6CA244228F4004433A6 /* CareViewController.swift in Sources */,
				A98FC6E2244260CD004433A6 /* PercentRateCell.swift in Sources */,
				A98FC6E624427B50004433A6 /* SpreadOverTimeCell.swift in Sources */,
				A98FC6D42442452D004433A6 /* Int+DecimalFormat.swift in Sources */,
				A97100F424411A6D002EDF34 /* WorldService.swift in Sources */,
				A93B3F562432CBB200AFC97F /* AppDelegate.swift in Sources */,
				A93B3FD324355FCD00AFC97F /* WebserviceError.swift in Sources */,
				A98FC6DA244249D2004433A6 /* ErrorView.swift in Sources */,
				A93B3FB324355EAE00AFC97F /* HistoricalCountryInfo.swift in Sources */,
				A93B3FC824355F5700AFC97F /* DefaultDataRequest.swift in Sources */,
				A98FC6AB24411E96004433A6 /* TotalCasesCell.swift in Sources */,
				A98FC6DD244252FD004433A6 /* SearchViewController.swift in Sources */,
				A98FC6EB2442BA26004433A6 /* CovidBarChartView.swift in Sources */,
				A93B3F882432CF3900AFC97F /* Font.swift in Sources */,
				A93B3F922432D2E100AFC97F /* TabBarViewController.swift in Sources */,
				A9232E8A24579CAC00CF1654 /* NewsCell.swift in Sources */,
				A98FC6B4244121B2004433A6 /* BallView.swift in Sources */,
				A93B3F8F2432D04D00AFC97F /* UIColor+Extension.swift in Sources */,
				A98FC6C024421A12004433A6 /* String+Calculations.swift in Sources */,
				A93B3FCE24355F5700AFC97F /* WebserviceRequest.swift in Sources */,
				A98FC6A924411D51004433A6 /* NetworkManagerProtocol.swift in Sources */,
				A93B3F952432D48400AFC97F /* CodeView.swift in Sources */,
			);
			runOnlyForDeploymentPostprocessing = 0;
		};
/* End PBXSourcesBuildPhase section */

/* Begin PBXVariantGroup section */
		A93B3F602432CBB300AFC97F /* LaunchScreen.storyboard */ = {
			isa = PBXVariantGroup;
			children = (
				A93B3F612432CBB300AFC97F /* Base */,
			);
			name = LaunchScreen.storyboard;
			sourceTree = "<group>";
		};
/* End PBXVariantGroup section */

/* Begin XCBuildConfiguration section */
		A93B3F642432CBB300AFC97F /* Debug */ = {
			isa = XCBuildConfiguration;
			buildSettings = {
				ALWAYS_SEARCH_USER_PATHS = NO;
				CLANG_ANALYZER_NONNULL = YES;
				CLANG_ANALYZER_NUMBER_OBJECT_CONVERSION = YES_AGGRESSIVE;
				CLANG_CXX_LANGUAGE_STANDARD = "gnu++14";
				CLANG_CXX_LIBRARY = "libc++";
				CLANG_ENABLE_MODULES = YES;
				CLANG_ENABLE_OBJC_ARC = YES;
				CLANG_ENABLE_OBJC_WEAK = YES;
				CLANG_WARN_BLOCK_CAPTURE_AUTORELEASING = YES;
				CLANG_WARN_BOOL_CONVERSION = YES;
				CLANG_WARN_COMMA = YES;
				CLANG_WARN_CONSTANT_CONVERSION = YES;
				CLANG_WARN_DEPRECATED_OBJC_IMPLEMENTATIONS = YES;
				CLANG_WARN_DIRECT_OBJC_ISA_USAGE = YES_ERROR;
				CLANG_WARN_DOCUMENTATION_COMMENTS = YES;
				CLANG_WARN_EMPTY_BODY = YES;
				CLANG_WARN_ENUM_CONVERSION = YES;
				CLANG_WARN_INFINITE_RECURSION = YES;
				CLANG_WARN_INT_CONVERSION = YES;
				CLANG_WARN_NON_LITERAL_NULL_CONVERSION = YES;
				CLANG_WARN_OBJC_IMPLICIT_RETAIN_SELF = YES;
				CLANG_WARN_OBJC_LITERAL_CONVERSION = YES;
				CLANG_WARN_OBJC_ROOT_CLASS = YES_ERROR;
				CLANG_WARN_RANGE_LOOP_ANALYSIS = YES;
				CLANG_WARN_STRICT_PROTOTYPES = YES;
				CLANG_WARN_SUSPICIOUS_MOVE = YES;
				CLANG_WARN_UNGUARDED_AVAILABILITY = YES_AGGRESSIVE;
				CLANG_WARN_UNREACHABLE_CODE = YES;
				CLANG_WARN__DUPLICATE_METHOD_MATCH = YES;
				COPY_PHASE_STRIP = NO;
				DEBUG_INFORMATION_FORMAT = dwarf;
				ENABLE_STRICT_OBJC_MSGSEND = YES;
				ENABLE_TESTABILITY = YES;
				GCC_C_LANGUAGE_STANDARD = gnu11;
				GCC_DYNAMIC_NO_PIC = NO;
				GCC_NO_COMMON_BLOCKS = YES;
				GCC_OPTIMIZATION_LEVEL = 0;
				GCC_PREPROCESSOR_DEFINITIONS = (
					"DEBUG=1",
					"$(inherited)",
				);
				GCC_WARN_64_TO_32_BIT_CONVERSION = YES;
				GCC_WARN_ABOUT_RETURN_TYPE = YES_ERROR;
				GCC_WARN_UNDECLARED_SELECTOR = YES;
				GCC_WARN_UNINITIALIZED_AUTOS = YES_AGGRESSIVE;
				GCC_WARN_UNUSED_FUNCTION = YES;
				GCC_WARN_UNUSED_VARIABLE = YES;
				IPHONEOS_DEPLOYMENT_TARGET = 12.0;
				MTL_ENABLE_DEBUG_INFO = INCLUDE_SOURCE;
				MTL_FAST_MATH = YES;
				ONLY_ACTIVE_ARCH = YES;
				SDKROOT = iphoneos;
				SWIFT_ACTIVE_COMPILATION_CONDITIONS = DEBUG;
				SWIFT_OPTIMIZATION_LEVEL = "-Onone";
			};
			name = Debug;
		};
		A93B3F652432CBB300AFC97F /* Release */ = {
			isa = XCBuildConfiguration;
			buildSettings = {
				ALWAYS_SEARCH_USER_PATHS = NO;
				CLANG_ANALYZER_NONNULL = YES;
				CLANG_ANALYZER_NUMBER_OBJECT_CONVERSION = YES_AGGRESSIVE;
				CLANG_CXX_LANGUAGE_STANDARD = "gnu++14";
				CLANG_CXX_LIBRARY = "libc++";
				CLANG_ENABLE_MODULES = YES;
				CLANG_ENABLE_OBJC_ARC = YES;
				CLANG_ENABLE_OBJC_WEAK = YES;
				CLANG_WARN_BLOCK_CAPTURE_AUTORELEASING = YES;
				CLANG_WARN_BOOL_CONVERSION = YES;
				CLANG_WARN_COMMA = YES;
				CLANG_WARN_CONSTANT_CONVERSION = YES;
				CLANG_WARN_DEPRECATED_OBJC_IMPLEMENTATIONS = YES;
				CLANG_WARN_DIRECT_OBJC_ISA_USAGE = YES_ERROR;
				CLANG_WARN_DOCUMENTATION_COMMENTS = YES;
				CLANG_WARN_EMPTY_BODY = YES;
				CLANG_WARN_ENUM_CONVERSION = YES;
				CLANG_WARN_INFINITE_RECURSION = YES;
				CLANG_WARN_INT_CONVERSION = YES;
				CLANG_WARN_NON_LITERAL_NULL_CONVERSION = YES;
				CLANG_WARN_OBJC_IMPLICIT_RETAIN_SELF = YES;
				CLANG_WARN_OBJC_LITERAL_CONVERSION = YES;
				CLANG_WARN_OBJC_ROOT_CLASS = YES_ERROR;
				CLANG_WARN_RANGE_LOOP_ANALYSIS = YES;
				CLANG_WARN_STRICT_PROTOTYPES = YES;
				CLANG_WARN_SUSPICIOUS_MOVE = YES;
				CLANG_WARN_UNGUARDED_AVAILABILITY = YES_AGGRESSIVE;
				CLANG_WARN_UNREACHABLE_CODE = YES;
				CLANG_WARN__DUPLICATE_METHOD_MATCH = YES;
				COPY_PHASE_STRIP = NO;
				DEBUG_INFORMATION_FORMAT = "dwarf-with-dsym";
				ENABLE_NS_ASSERTIONS = NO;
				ENABLE_STRICT_OBJC_MSGSEND = YES;
				GCC_C_LANGUAGE_STANDARD = gnu11;
				GCC_NO_COMMON_BLOCKS = YES;
				GCC_WARN_64_TO_32_BIT_CONVERSION = YES;
				GCC_WARN_ABOUT_RETURN_TYPE = YES_ERROR;
				GCC_WARN_UNDECLARED_SELECTOR = YES;
				GCC_WARN_UNINITIALIZED_AUTOS = YES_AGGRESSIVE;
				GCC_WARN_UNUSED_FUNCTION = YES;
				GCC_WARN_UNUSED_VARIABLE = YES;
				IPHONEOS_DEPLOYMENT_TARGET = 12.0;
				MTL_ENABLE_DEBUG_INFO = NO;
				MTL_FAST_MATH = YES;
				SDKROOT = iphoneos;
				SWIFT_COMPILATION_MODE = wholemodule;
				SWIFT_OPTIMIZATION_LEVEL = "-O";
				VALIDATE_PRODUCT = YES;
			};
			name = Release;
		};
		A93B3F672432CBB300AFC97F /* Debug */ = {
			isa = XCBuildConfiguration;
			baseConfigurationReference = 2B903A744364DAF7F48BC799 /* Pods-Covid19Tracker.debug.xcconfig */;
			buildSettings = {
				ASSETCATALOG_COMPILER_APPICON_NAME = AppIcon;
				CODE_SIGN_IDENTITY = "iPhone Developer";
				CODE_SIGN_STYLE = Manual;
				CURRENT_PROJECT_VERSION = 3;
				DEVELOPMENT_TEAM = ZPEUGUU6JH;
				INFOPLIST_FILE = Covid19Tracker/Info.plist;
				LD_RUNPATH_SEARCH_PATHS = (
					"$(inherited)",
					"@executable_path/Frameworks",
				);
				PRODUCT_BUNDLE_IDENTIFIER = DevsCarioca.Covid19Tracker;
				PRODUCT_NAME = "Covid19 Tracker";
				PROVISIONING_PROFILE_SPECIFIER = "Macbook Bijos Covid19Tracker Development";
				SWIFT_VERSION = 5.0;
				TARGETED_DEVICE_FAMILY = "1,2";
			};
			name = Debug;
		};
		A93B3F682432CBB300AFC97F /* Release */ = {
			isa = XCBuildConfiguration;
			baseConfigurationReference = F36BC17731B1BC0EAD156C71 /* Pods-Covid19Tracker.release.xcconfig */;
			buildSettings = {
				ASSETCATALOG_COMPILER_APPICON_NAME = AppIcon;
				CODE_SIGN_IDENTITY = "iPhone Distribution";
				CODE_SIGN_STYLE = Manual;
				CURRENT_PROJECT_VERSION = 3;
				DEVELOPMENT_TEAM = ZPEUGUU6JH;
				INFOPLIST_FILE = Covid19Tracker/Info.plist;
				LD_RUNPATH_SEARCH_PATHS = (
					"$(inherited)",
					"@executable_path/Frameworks",
				);
				PRODUCT_BUNDLE_IDENTIFIER = DevsCarioca.Covid19Tracker;
				PRODUCT_NAME = "Covid19 Tracker";
				PROVISIONING_PROFILE_SPECIFIER = "Macbook Bijos Covid19Tracker AppStore";
				SWIFT_VERSION = 5.0;
				TARGETED_DEVICE_FAMILY = "1,2";
			};
			name = Release;
		};
/* End XCBuildConfiguration section */

/* Begin XCConfigurationList section */
		A93B3F4D2432CBB200AFC97F /* Build configuration list for PBXProject "Covid19Tracker" */ = {
			isa = XCConfigurationList;
			buildConfigurations = (
				A93B3F642432CBB300AFC97F /* Debug */,
				A93B3F652432CBB300AFC97F /* Release */,
			);
			defaultConfigurationIsVisible = 0;
			defaultConfigurationName = Release;
		};
		A93B3F662432CBB300AFC97F /* Build configuration list for PBXNativeTarget "Covid19Tracker" */ = {
			isa = XCConfigurationList;
			buildConfigurations = (
				A93B3F672432CBB300AFC97F /* Debug */,
				A93B3F682432CBB300AFC97F /* Release */,
			);
			defaultConfigurationIsVisible = 0;
			defaultConfigurationName = Release;
		};
/* End XCConfigurationList section */
	};
	rootObject = A93B3F4A2432CBB200AFC97F /* Project object */;
}
